{
  "requires": true,
  "lockfileVersion": 1,
  "dependencies": {
    "@salesforce-ux/design-system": {
      "version": "2.15.8",
      "resolved": "https://registry.npmjs.org/@salesforce-ux/design-system/-/design-system-2.15.8.tgz",
      "integrity": "sha512-ZQRPZW3M4DvmM799dBPfC2wHdoEUxgK97mgK47rN/RTrFC7k5TVQlyVL6pEK7XTWsZI15nqoRVTzfxOaQ4aKgg=="
    }
  }
}
